
Microsoft Visual Studio Solution File, Format Version 12.00
# Visual Studio Version 17
VisualStudioVersion = 17.11.35303.130
MinimumVisualStudioVersion = 10.0.40219.1
Project("{FAE04EC0-301F-11D3-BF4B-00C04F79EFBC}") = "MidAssignmentCF", "MidAssignmentCF\MidAssignmentCF.csproj", "{76363449-87BB-4F9D-9231-3F0C084A2002}"
EndProject
Global
	GlobalSection(SolutionConfigurationPlatforms) = preSolution
		Debug|Any CPU = Debug|Any CPU
		Release|Any CPU = Release|Any CPU
	EndGlobalSection
	GlobalSection(ProjectConfigurationPlatforms) = postSolution
		{76363449-87BB-4F9D-9231-3F0C084A2002}.Debug|Any CPU.ActiveCfg = Debug|Any CPU
		{76363449-87BB-4F9D-9231-3F0C084A2002}.Debug|Any CPU.Build.0 = Debug|Any CPU
		{76363449-87BB-4F9D-9231-3F0C084A2002}.Release|Any CPU.ActiveCfg = Release|Any CPU
		{76363449-87BB-4F9D-9231-3F0C084A2002}.Release|Any CPU.Build.0 = Release|Any CPU
	EndGlobalSection
	GlobalSection(SolutionProperties) = preSolution
		HideSolutionNode = FALSE
	EndGlobalSection
	GlobalSection(ExtensibilityGlobals) = postSolution
		SolutionGuid = {420B0462-3595-4B76-9708-BF631B3AB50F}
	EndGlobalSection
EndGlobal
